
Microsoft Visual Studio Solution File, Format Version 12.00
# Visual Studio Version 16
VisualStudioVersion = 16.0.28922.388
MinimumVisualStudioVersion = 10.0.40219.1
Project("{FAE04EC0-301F-11D3-BF4B-00C04F79EFBC}") = "ExpenseIt", "ExpenseIt.csproj", "{63357055-946B-4254-9A48-FB097AAC342A}"
EndProject
Global
	GlobalSection(SolutionConfigurationPlatforms) = preSolution
		Debug|Any CPU = Debug|Any CPU
		Release|Any CPU = Release|Any CPU
	EndGlobalSection
	GlobalSection(ProjectConfigurationPlatforms) = postSolution
		{63357055-946B-4254-9A48-FB097AAC342A}.Debug|Any CPU.ActiveCfg = Debug|Any CPU
		{63357055-946B-4254-9A48-FB097AAC342A}.Debug|Any CPU.Build.0 = Debug|Any CPU
		{63357055-946B-4254-9A48-FB097AAC342A}.Release|Any CPU.ActiveCfg = Release|Any CPU
		{63357055-946B-4254-9A48-FB097AAC342A}.Release|Any CPU.Build.0 = Release|Any CPU
	EndGlobalSection
	GlobalSection(SolutionProperties) = preSolution
		HideSolutionNode = FALSE
	EndGlobalSection
	GlobalSection(ExtensibilityGlobals) = postSolution
		SolutionGuid = {AAB92D70-6F52-488B-9C13-A2D313AC6080}
	EndGlobalSection
EndGlobal
